
Microsoft Visual Studio Solution File, Format Version 12.00
# Visual Studio Version 17
VisualStudioVersion = 17.8.34316.72
MinimumVisualStudioVersion = 10.0.40219.1
Project("{FAE04EC0-301F-11D3-BF4B-00C04F79EFBC}") = "ConAssignment", "ConAssignment\ConAssignment.csproj", "{460A4A65-E7A9-4DD2-B82D-BC875CC1E4AB}"
EndProject
Global
	GlobalSection(SolutionConfigurationPlatforms) = preSolution
		Debug|Any CPU = Debug|Any CPU
		Release|Any CPU = Release|Any CPU
	EndGlobalSection
	GlobalSection(ProjectConfigurationPlatforms) = postSolution
		{460A4A65-E7A9-4DD2-B82D-BC875CC1E4AB}.Debug|Any CPU.ActiveCfg = Debug|Any CPU
		{460A4A65-E7A9-4DD2-B82D-BC875CC1E4AB}.Debug|Any CPU.Build.0 = Debug|Any CPU
		{460A4A65-E7A9-4DD2-B82D-BC875CC1E4AB}.Release|Any CPU.ActiveCfg = Release|Any CPU
		{460A4A65-E7A9-4DD2-B82D-BC875CC1E4AB}.Release|Any CPU.Build.0 = Release|Any CPU
	EndGlobalSection
	GlobalSection(SolutionProperties) = preSolution
		HideSolutionNode = FALSE
	EndGlobalSection
	GlobalSection(ExtensibilityGlobals) = postSolution
		SolutionGuid = {C047D330-A757-4937-8023-6BC377A67EE7}
	EndGlobalSection
EndGlobal
